
Microsoft Visual Studio Solution File, Format Version 12.00
# Visual Studio Version 16
VisualStudioVersion = 16.0.29201.188
MinimumVisualStudioVersion = 10.0.40219.1
Project("{FAE04EC0-301F-11D3-BF4B-00C04F79EFBC}") = "RecipeCalculatorV2", "RecipeCalculatorV2\RecipeCalculatorV2.csproj", "{FC6CB316-200F-432D-938D-4973A2CD5E51}"
EndProject
Global
	GlobalSection(SolutionConfigurationPlatforms) = preSolution
		Debug|Any CPU = Debug|Any CPU
		Release|Any CPU = Release|Any CPU
	EndGlobalSection
	GlobalSection(ProjectConfigurationPlatforms) = postSolution
		{FC6CB316-200F-432D-938D-4973A2CD5E51}.Debug|Any CPU.ActiveCfg = Debug|Any CPU
		{FC6CB316-200F-432D-938D-4973A2CD5E51}.Debug|Any CPU.Build.0 = Debug|Any CPU
		{FC6CB316-200F-432D-938D-4973A2CD5E51}.Release|Any CPU.ActiveCfg = Release|Any CPU
		{FC6CB316-200F-432D-938D-4973A2CD5E51}.Release|Any CPU.Build.0 = Release|Any CPU
	EndGlobalSection
	GlobalSection(SolutionProperties) = preSolution
		HideSolutionNode = FALSE
	EndGlobalSection
	GlobalSection(ExtensibilityGlobals) = postSolution
		SolutionGuid = {C198BEC3-71F8-402C-BEA6-2CBAB7CADF07}
	EndGlobalSection
EndGlobal
